
Microsoft Visual Studio Solution File, Format Version 12.00
# Visual Studio Version 17
VisualStudioVersion = 17.11.35219.272
MinimumVisualStudioVersion = 10.0.40219.1
Project("{FAE04EC0-301F-11D3-BF4B-00C04F79EFBC}") = "Proyecto_Ejemplo", "Proyecto_Ejemplo\Proyecto_Ejemplo.csproj", "{F96A3F08-5A01-46D0-B383-FE9C2A96ED24}"
EndProject
Global
	GlobalSection(SolutionConfigurationPlatforms) = preSolution
		Debug|Any CPU = Debug|Any CPU
		Release|Any CPU = Release|Any CPU
	EndGlobalSection
	GlobalSection(ProjectConfigurationPlatforms) = postSolution
		{F96A3F08-5A01-46D0-B383-FE9C2A96ED24}.Debug|Any CPU.ActiveCfg = Debug|Any CPU
		{F96A3F08-5A01-46D0-B383-FE9C2A96ED24}.Debug|Any CPU.Build.0 = Debug|Any CPU
		{F96A3F08-5A01-46D0-B383-FE9C2A96ED24}.Release|Any CPU.ActiveCfg = Release|Any CPU
		{F96A3F08-5A01-46D0-B383-FE9C2A96ED24}.Release|Any CPU.Build.0 = Release|Any CPU
	EndGlobalSection
	GlobalSection(SolutionProperties) = preSolution
		HideSolutionNode = FALSE
	EndGlobalSection
	GlobalSection(ExtensibilityGlobals) = postSolution
		SolutionGuid = {78C864BF-426D-432F-9F4C-A7F223476BCB}
	EndGlobalSection
EndGlobal
